// !$*UTF8*$!
{
	archiveVersion = 1;
	classes = {
	};
	objectVersion = 51;
	objects = {

/* Begin PBXBuildFile section */
		5EDA281BF9182AEF30CE4477 /* Pods_DataBaseHomeWork.framework in Frameworks */ = {isa = PBXBuildFile; fileRef = 106E8079A23AB33628394BFB /* Pods_DataBaseHomeWork.framework */; };
		F52B4A3D2632B85700BEBA31 /* AppDelegate.swift in Sources */ = {isa = PBXBuildFile; fileRef = F52B4A3C2632B85700BEBA31 /* AppDelegate.swift */; };
		F52B4A3F2632B85700BEBA31 /* SceneDelegate.swift in Sources */ = {isa = PBXBuildFile; fileRef = F52B4A3E2632B85700BEBA31 /* SceneDelegate.swift */; };
		F52B4A412632B85700BEBA31 /* ViewController.swift in Sources */ = {isa = PBXBuildFile; fileRef = F52B4A402632B85700BEBA31 /* ViewController.swift */; };
		F52B4A442632B85700BEBA31 /* Main.storyboard in Resources */ = {isa = PBXBuildFile; fileRef = F52B4A422632B85700BEBA31 /* Main.storyboard */; };
		F52B4A462632B85A00BEBA31 /* Assets.xcassets in Resources */ = {isa = PBXBuildFile; fileRef = F52B4A452632B85A00BEBA31 /* Assets.xcassets */; };
		F52B4A492632B85A00BEBA31 /* LaunchScreen.storyboard in Resources */ = {isa = PBXBuildFile; fileRef = F52B4A472632B85A00BEBA31 /* LaunchScreen.storyboard */; };
		F52B4A522632BA8B00BEBA31 /* Persistence.swift in Sources */ = {isa = PBXBuildFile; fileRef = F52B4A512632BA8B00BEBA31 /* Persistence.swift */; };
		F5360A8B2632E853000C5A2F /* DataModel.swift in Sources */ = {isa = PBXBuildFile; fileRef = F5360A8A2632E853000C5A2F /* DataModel.swift */; };
		F5360A8E2632E8ED000C5A2F /* Storage Manager.swift in Sources */ = {isa = PBXBuildFile; fileRef = F5360A8D2632E8ED000C5A2F /* Storage Manager.swift */; };
		F5360A91263344E1000C5A2F /* ToDoViewController.swift in Sources */ = {isa = PBXBuildFile; fileRef = F5360A90263344E0000C5A2F /* ToDoViewController.swift */; };
		F54A34DE2635639C00E8D4F9 /* ModelCoreDataTask.xcdatamodeld in Sources */ = {isa = PBXBuildFile; fileRef = F54A34DC2635639C00E8D4F9 /* ModelCoreDataTask.xcdatamodeld */; };
		F54A34E1263564CF00E8D4F9 /* CoreDataViewController.swift in Sources */ = {isa = PBXBuildFile; fileRef = F54A34E0263564CF00E8D4F9 /* CoreDataViewController.swift */; };
		F54A34E82635781D00E8D4F9 /* CoreDataManager.swift in Sources */ = {isa = PBXBuildFile; fileRef = F54A34E72635781D00E8D4F9 /* CoreDataManager.swift */; };
		F5C7976F2635899F00EAD55A /* WeatherViewController.swift in Sources */ = {isa = PBXBuildFile; fileRef = F5C7976E2635899F00EAD55A /* WeatherViewController.swift */; };
		F5C79772263589C100EAD55A /* WeatherModelRealm.swift in Sources */ = {isa = PBXBuildFile; fileRef = F5C79771263589C100EAD55A /* WeatherModelRealm.swift */; };
		F5C797752635946E00EAD55A /* URLPath.swift in Sources */ = {isa = PBXBuildFile; fileRef = F5C797742635946E00EAD55A /* URLPath.swift */; };
		F5C797782635996500EAD55A /* CodableModel.swift in Sources */ = {isa = PBXBuildFile; fileRef = F5C797772635996500EAD55A /* CodableModel.swift */; };
		F5C7977B2635A1DB00EAD55A /* NetworkManager.swift in Sources */ = {isa = PBXBuildFile; fileRef = F5C7977A2635A1DB00EAD55A /* NetworkManager.swift */; };
/* End PBXBuildFile section */

/* Begin PBXFileReference section */
		106E8079A23AB33628394BFB /* Pods_DataBaseHomeWork.framework */ = {isa = PBXFileReference; explicitFileType = wrapper.framework; includeInIndex = 0; path = Pods_DataBaseHomeWork.framework; sourceTree = BUILT_PRODUCTS_DIR; };
		780F32B04D223F66943013D7 /* Pods-DataBaseHomeWork.debug.xcconfig */ = {isa = PBXFileReference; includeInIndex = 1; lastKnownFileType = text.xcconfig; name = "Pods-DataBaseHomeWork.debug.xcconfig"; path = "Target Support Files/Pods-DataBaseHomeWork/Pods-DataBaseHomeWork.debug.xcconfig"; sourceTree = "<group>"; };
		CA8F54C6FBACF37EC6A4C845 /* Pods-DataBaseHomeWork.release.xcconfig */ = {isa = PBXFileReference; includeInIndex = 1; lastKnownFileType = text.xcconfig; name = "Pods-DataBaseHomeWork.release.xcconfig"; path = "Target Support Files/Pods-DataBaseHomeWork/Pods-DataBaseHomeWork.release.xcconfig"; sourceTree = "<group>"; };
		F52B4A392632B85700BEBA31 /* DataBaseHomeWork.app */ = {isa = PBXFileReference; explicitFileType = wrapper.application; includeInIndex = 0; path = DataBaseHomeWork.app; sourceTree = BUILT_PRODUCTS_DIR; };
		F52B4A3C2632B85700BEBA31 /* AppDelegate.swift */ = {isa = PBXFileReference; lastKnownFileType = sourcecode.swift; path = AppDelegate.swift; sourceTree = "<group>"; };
		F52B4A3E2632B85700BEBA31 /* SceneDelegate.swift */ = {isa = PBXFileReference; lastKnownFileType = sourcecode.swift; path = SceneDelegate.swift; sourceTree = "<group>"; };
		F52B4A402632B85700BEBA31 /* ViewController.swift */ = {isa = PBXFileReference; lastKnownFileType = sourcecode.swift; path = ViewController.swift; sourceTree = "<group>"; };
		F52B4A432632B85700BEBA31 /* Base */ = {isa = PBXFileReference; lastKnownFileType = file.storyboard; name = Base; path = Base.lproj/Main.storyboard; sourceTree = "<group>"; };
		F52B4A452632B85A00BEBA31 /* Assets.xcassets */ = {isa = PBXFileReference; lastKnownFileType = folder.assetcatalog; path = Assets.xcassets; sourceTree = "<group>"; };
		F52B4A482632B85A00BEBA31 /* Base */ = {isa = PBXFileReference; lastKnownFileType = file.storyboard; name = Base; path = Base.lproj/LaunchScreen.storyboard; sourceTree = "<group>"; };
		F52B4A4A2632B85A00BEBA31 /* Info.plist */ = {isa = PBXFileReference; lastKnownFileType = text.plist.xml; path = Info.plist; sourceTree = "<group>"; };
		F52B4A512632BA8B00BEBA31 /* Persistence.swift */ = {isa = PBXFileReference; lastKnownFileType = sourcecode.swift; path = Persistence.swift; sourceTree = "<group>"; };
		F5360A8A2632E853000C5A2F /* DataModel.swift */ = {isa = PBXFileReference; lastKnownFileType = sourcecode.swift; path = DataModel.swift; sourceTree = "<group>"; };
		F5360A8D2632E8ED000C5A2F /* Storage Manager.swift */ = {isa = PBXFileReference; lastKnownFileType = sourcecode.swift; path = "Storage Manager.swift"; sourceTree = "<group>"; };
		F5360A90263344E0000C5A2F /* ToDoViewController.swift */ = {isa = PBXFileReference; lastKnownFileType = sourcecode.swift; path = ToDoViewController.swift; sourceTree = "<group>"; };
		F54A34DD2635639C00E8D4F9 /* ModelCoreDataTask.xcdatamodel */ = {isa = PBXFileReference; lastKnownFileType = wrapper.xcdatamodel; path = ModelCoreDataTask.xcdatamodel; sourceTree = "<group>"; };
		F54A34E0263564CF00E8D4F9 /* CoreDataViewController.swift */ = {isa = PBXFileReference; lastKnownFileType = sourcecode.swift; path = CoreDataViewController.swift; sourceTree = "<group>"; };
		F54A34E72635781D00E8D4F9 /* CoreDataManager.swift */ = {isa = PBXFileReference; lastKnownFileType = sourcecode.swift; path = CoreDataManager.swift; sourceTree = "<group>"; };
		F5C7976E2635899F00EAD55A /* WeatherViewController.swift */ = {isa = PBXFileReference; lastKnownFileType = sourcecode.swift; path = WeatherViewController.swift; sourceTree = "<group>"; };
		F5C79771263589C100EAD55A /* WeatherModelRealm.swift */ = {isa = PBXFileReference; lastKnownFileType = sourcecode.swift; path = WeatherModelRealm.swift; sourceTree = "<group>"; };
		F5C797742635946E00EAD55A /* URLPath.swift */ = {isa = PBXFileReference; lastKnownFileType = sourcecode.swift; path = URLPath.swift; sourceTree = "<group>"; };
		F5C797772635996500EAD55A /* CodableModel.swift */ = {isa = PBXFileReference; lastKnownFileType = sourcecode.swift; path = CodableModel.swift; sourceTree = "<group>"; };
		F5C7977A2635A1DB00EAD55A /* NetworkManager.swift */ = {isa = PBXFileReference; lastKnownFileType = sourcecode.swift; path = NetworkManager.swift; sourceTree = "<group>"; };
/* End PBXFileReference section */

/* Begin PBXFrameworksBuildPhase section */
		F52B4A362632B85600BEBA31 /* Frameworks */ = {
			isa = PBXFrameworksBuildPhase;
			buildActionMask = 2147483647;
			files = (
				5EDA281BF9182AEF30CE4477 /* Pods_DataBaseHomeWork.framework in Frameworks */,
			);
			runOnlyForDeploymentPostprocessing = 0;
		};
/* End PBXFrameworksBuildPhase section */

/* Begin PBXGroup section */
		2F68718AFB7D539453613E26 /* Pods */ = {
			isa = PBXGroup;
			children = (
				780F32B04D223F66943013D7 /* Pods-DataBaseHomeWork.debug.xcconfig */,
				CA8F54C6FBACF37EC6A4C845 /* Pods-DataBaseHomeWork.release.xcconfig */,
			);
			path = Pods;
			sourceTree = "<group>";
		};
		8E8B1086A1769980B64081A0 /* Frameworks */ = {
			isa = PBXGroup;
			children = (
				106E8079A23AB33628394BFB /* Pods_DataBaseHomeWork.framework */,
			);
			name = Frameworks;
			sourceTree = "<group>";
		};
		F52B4A302632B85600BEBA31 = {
			isa = PBXGroup;
			children = (
				F52B4A3B2632B85700BEBA31 /* DataBaseHomeWork */,
				F52B4A3A2632B85700BEBA31 /* Products */,
				2F68718AFB7D539453613E26 /* Pods */,
				8E8B1086A1769980B64081A0 /* Frameworks */,
			);
			sourceTree = "<group>";
		};
		F52B4A3A2632B85700BEBA31 /* Products */ = {
			isa = PBXGroup;
			children = (
				F52B4A392632B85700BEBA31 /* DataBaseHomeWork.app */,
			);
			name = Products;
			sourceTree = "<group>";
		};
		F52B4A3B2632B85700BEBA31 /* DataBaseHomeWork */ = {
			isa = PBXGroup;
			children = (
				F52B4A3C2632B85700BEBA31 /* AppDelegate.swift */,
				F52B4A3E2632B85700BEBA31 /* SceneDelegate.swift */,
				F52B4A422632B85700BEBA31 /* Main.storyboard */,
				F52B4A452632B85A00BEBA31 /* Assets.xcassets */,
				F52B4A472632B85A00BEBA31 /* LaunchScreen.storyboard */,
				F5C7976D2635897600EAD55A /* Weather Realm */,
				F54A34E42635747900E8D4F9 /* CoreData */,
				F54A34EF2635812700E8D4F9 /* Realm */,
				F54A34EE2635811A00E8D4F9 /* UserDefaults */,
				F52B4A4A2632B85A00BEBA31 /* Info.plist */,
			);
			path = DataBaseHomeWork;
			sourceTree = "<group>";
		};
		F54A34E42635747900E8D4F9 /* CoreData */ = {
			isa = PBXGroup;
			children = (
				F54A34DC2635639C00E8D4F9 /* ModelCoreDataTask.xcdatamodeld */,
				F54A34E72635781D00E8D4F9 /* CoreDataManager.swift */,
				F54A34E0263564CF00E8D4F9 /* CoreDataViewController.swift */,
			);
			path = CoreData;
			sourceTree = "<group>";
		};
		F54A34EE2635811A00E8D4F9 /* UserDefaults */ = {
			isa = PBXGroup;
			children = (
				F52B4A402632B85700BEBA31 /* ViewController.swift */,
				F52B4A512632BA8B00BEBA31 /* Persistence.swift */,
			);
			path = UserDefaults;
			sourceTree = "<group>";
		};
		F54A34EF2635812700E8D4F9 /* Realm */ = {
			isa = PBXGroup;
			children = (
				F5360A8A2632E853000C5A2F /* DataModel.swift */,
				F5360A8D2632E8ED000C5A2F /* Storage Manager.swift */,
				F5360A90263344E0000C5A2F /* ToDoViewController.swift */,
			);
			path = Realm;
			sourceTree = "<group>";
		};
		F5C7976D2635897600EAD55A /* Weather Realm */ = {
			isa = PBXGroup;
			children = (
				F5C7976E2635899F00EAD55A /* WeatherViewController.swift */,
				F5C7977A2635A1DB00EAD55A /* NetworkManager.swift */,
				F5C797772635996500EAD55A /* CodableModel.swift */,
				F5C79771263589C100EAD55A /* WeatherModelRealm.swift */,
				F5C797742635946E00EAD55A /* URLPath.swift */,
			);
			path = "Weather Realm";
			sourceTree = "<group>";
		};
/* End PBXGroup section */

/* Begin PBXNativeTarget section */
		F52B4A382632B85600BEBA31 /* DataBaseHomeWork */ = {
			isa = PBXNativeTarget;
			buildConfigurationList = F52B4A4D2632B85A00BEBA31 /* Build configuration list for PBXNativeTarget "DataBaseHomeWork" */;
			buildPhases = (
				CF9DFAAF63840011862EC658 /* [CP] Check Pods Manifest.lock */,
				F52B4A352632B85600BEBA31 /* Sources */,
				F52B4A362632B85600BEBA31 /* Frameworks */,
				F52B4A372632B85600BEBA31 /* Resources */,
				754F0999E6A3AA42544B69F6 /* [CP] Embed Pods Frameworks */,
			);
			buildRules = (
			);
			dependencies = (
			);
			name = DataBaseHomeWork;
			productName = DataBaseHomeWork;
			productReference = F52B4A392632B85700BEBA31 /* DataBaseHomeWork.app */;
			productType = "com.apple.product-type.application";
		};
/* End PBXNativeTarget section */

/* Begin PBXProject section */
		F52B4A312632B85600BEBA31 /* Project object */ = {
			isa = PBXProject;
			attributes = {
				LastSwiftUpdateCheck = 1240;
				LastUpgradeCheck = 1240;
				TargetAttributes = {
					F52B4A382632B85600BEBA31 = {
						CreatedOnToolsVersion = 12.4;
					};
				};
			};
			buildConfigurationList = F52B4A342632B85600BEBA31 /* Build configuration list for PBXProject "DataBaseHomeWork" */;
			compatibilityVersion = "Xcode 9.3";
			developmentRegion = en;
			hasScannedForEncodings = 0;
			knownRegions = (
				en,
				Base,
			);
			mainGroup = F52B4A302632B85600BEBA31;
			productRefGroup = F52B4A3A2632B85700BEBA31 /* Products */;
			projectDirPath = "";
			projectRoot = "";
			targets = (
				F52B4A382632B85600BEBA31 /* DataBaseHomeWork */,
			);
		};
/* End PBXProject section */

/* Begin PBXResourcesBuildPhase section */
		F52B4A372632B85600BEBA31 /* Resources */ = {
			isa = PBXResourcesBuildPhase;
			buildActionMask = 2147483647;
			files = (
				F52B4A492632B85A00BEBA31 /* LaunchScreen.storyboard in Resources */,
				F52B4A462632B85A00BEBA31 /* Assets.xcassets in Resources */,
				F52B4A442632B85700BEBA31 /* Main.storyboard in Resources */,
			);
			runOnlyForDeploymentPostprocessing = 0;
		};
/* End PBXResourcesBuildPhase section */

/* Begin PBXShellScriptBuildPhase section */
		754F0999E6A3AA42544B69F6 /* [CP] Embed Pods Frameworks */ = {
			isa = PBXShellScriptBuildPhase;
			buildActionMask = 2147483647;
			files = (
			);
			inputFileListPaths = (
				"${PODS_ROOT}/Target Support Files/Pods-DataBaseHomeWork/Pods-DataBaseHomeWork-frameworks-${CONFIGURATION}-input-files.xcfilelist",
			);
			name = "[CP] Embed Pods Frameworks";
			outputFileListPaths = (
				"${PODS_ROOT}/Target Support Files/Pods-DataBaseHomeWork/Pods-DataBaseHomeWork-frameworks-${CONFIGURATION}-output-files.xcfilelist",
			);
			runOnlyForDeploymentPostprocessing = 0;
			shellPath = /bin/sh;
			shellScript = "\"${PODS_ROOT}/Target Support Files/Pods-DataBaseHomeWork/Pods-DataBaseHomeWork-frameworks.sh\"\n";
			showEnvVarsInLog = 0;
		};
		CF9DFAAF63840011862EC658 /* [CP] Check Pods Manifest.lock */ = {
			isa = PBXShellScriptBuildPhase;
			buildActionMask = 2147483647;
			files = (
			);
			inputFileListPaths = (
			);
			inputPaths = (
				"${PODS_PODFILE_DIR_PATH}/Podfile.lock",
				"${PODS_ROOT}/Manifest.lock",
			);
			name = "[CP] Check Pods Manifest.lock";
			outputFileListPaths = (
			);
			outputPaths = (
				"$(DERIVED_FILE_DIR)/Pods-DataBaseHomeWork-checkManifestLockResult.txt",
			);
			runOnlyForDeploymentPostprocessing = 0;
			shellPath = /bin/sh;
			shellScript = "diff \"${PODS_PODFILE_DIR_PATH}/Podfile.lock\" \"${PODS_ROOT}/Manifest.lock\" > /dev/null\nif [ $? != 0 ] ; then\n    # print error to STDERR\n    echo \"error: The sandbox is not in sync with the Podfile.lock. Run 'pod install' or update your CocoaPods installation.\" >&2\n    exit 1\nfi\n# This output is used by Xcode 'outputs' to avoid re-running this script phase.\necho \"SUCCESS\" > \"${SCRIPT_OUTPUT_FILE_0}\"\n";
			showEnvVarsInLog = 0;
		};
/* End PBXShellScriptBuildPhase section */

/* Begin PBXSourcesBuildPhase section */
		F52B4A352632B85600BEBA31 /* Sources */ = {
			isa = PBXSourcesBuildPhase;
			buildActionMask = 2147483647;
			files = (
				F5C79772263589C100EAD55A /* WeatherModelRealm.swift in Sources */,
				F54A34E1263564CF00E8D4F9 /* CoreDataViewController.swift in Sources */,
				F5360A8B2632E853000C5A2F /* DataModel.swift in Sources */,
				F52B4A412632B85700BEBA31 /* ViewController.swift in Sources */,
				F5360A8E2632E8ED000C5A2F /* Storage Manager.swift in Sources */,
				F52B4A522632BA8B00BEBA31 /* Persistence.swift in Sources */,
				F5C797782635996500EAD55A /* CodableModel.swift in Sources */,
				F52B4A3D2632B85700BEBA31 /* AppDelegate.swift in Sources */,
				F54A34DE2635639C00E8D4F9 /* ModelCoreDataTask.xcdatamodeld in Sources */,
				F52B4A3F2632B85700BEBA31 /* SceneDelegate.swift in Sources */,
				F54A34E82635781D00E8D4F9 /* CoreDataManager.swift in Sources */,
				F5C797752635946E00EAD55A /* URLPath.swift in Sources */,
				F5C7977B2635A1DB00EAD55A /* NetworkManager.swift in Sources */,
				F5360A91263344E1000C5A2F /* ToDoViewController.swift in Sources */,
				F5C7976F2635899F00EAD55A /* WeatherViewController.swift in Sources */,
			);
			runOnlyForDeploymentPostprocessing = 0;
		};
/* End PBXSourcesBuildPhase section */

/* Begin PBXVariantGroup section */
		F52B4A422632B85700BEBA31 /* Main.storyboard */ = {
			isa = PBXVariantGroup;
			children = (
				F52B4A432632B85700BEBA31 /* Base */,
			);
			name = Main.storyboard;
			sourceTree = "<group>";
		};
		F52B4A472632B85A00BEBA31 /* LaunchScreen.storyboard */ = {
			isa = PBXVariantGroup;
			children = (
				F52B4A482632B85A00BEBA31 /* Base */,
			);
			name = LaunchScreen.storyboard;
			sourceTree = "<group>";
		};
/* End PBXVariantGroup section */

/* Begin XCBuildConfiguration section */
		F52B4A4B2632B85A00BEBA31 /* Debug */ = {
			isa = XCBuildConfiguration;
			buildSettings = {
				ALWAYS_SEARCH_USER_PATHS = NO;
				CLANG_ANALYZER_NONNULL = YES;
				CLANG_ANALYZER_NUMBER_OBJECT_CONVERSION = YES_AGGRESSIVE;
				CLANG_CXX_LANGUAGE_STANDARD = "gnu++14";
				CLANG_CXX_LIBRARY = "libc++";
				CLANG_ENABLE_MODULES = YES;
				CLANG_ENABLE_OBJC_ARC = YES;
				CLANG_ENABLE_OBJC_WEAK = YES;
				CLANG_WARN_BLOCK_CAPTURE_AUTORELEASING = YES;
				CLANG_WARN_BOOL_CONVERSION = YES;
				CLANG_WARN_COMMA = YES;
				CLANG_WARN_CONSTANT_CONVERSION = YES;
				CLANG_WARN_DEPRECATED_OBJC_IMPLEMENTATIONS = YES;
				CLANG_WARN_DIRECT_OBJC_ISA_USAGE = YES_ERROR;
				CLANG_WARN_DOCUMENTATION_COMMENTS = YES;
				CLANG_WARN_EMPTY_BODY = YES;
				CLANG_WARN_ENUM_CONVERSION = YES;
				CLANG_WARN_INFINITE_RECURSION = YES;
				CLANG_WARN_INT_CONVERSION = YES;
				CLANG_WARN_NON_LITERAL_NULL_CONVERSION = YES;
				CLANG_WARN_OBJC_IMPLICIT_RETAIN_SELF = YES;
				CLANG_WARN_OBJC_LITERAL_CONVERSION = YES;
				CLANG_WARN_OBJC_ROOT_CLASS = YES_ERROR;
				CLANG_WARN_QUOTED_INCLUDE_IN_FRAMEWORK_HEADER = YES;
				CLANG_WARN_RANGE_LOOP_ANALYSIS = YES;
				CLANG_WARN_STRICT_PROTOTYPES = YES;
				CLANG_WARN_SUSPICIOUS_MOVE = YES;
				CLANG_WARN_UNGUARDED_AVAILABILITY = YES_AGGRESSIVE;
				CLANG_WARN_UNREACHABLE_CODE = YES;
				CLANG_WARN__DUPLICATE_METHOD_MATCH = YES;
				COPY_PHASE_STRIP = NO;
				DEBUG_INFORMATION_FORMAT = dwarf;
				ENABLE_STRICT_OBJC_MSGSEND = YES;
				ENABLE_TESTABILITY = YES;
				GCC_C_LANGUAGE_STANDARD = gnu11;
				GCC_DYNAMIC_NO_PIC = NO;
				GCC_NO_COMMON_BLOCKS = YES;
				GCC_OPTIMIZATION_LEVEL = 0;
				GCC_PREPROCESSOR_DEFINITIONS = (
					"DEBUG=1",
					"$(inherited)",
				);
				GCC_WARN_64_TO_32_BIT_CONVERSION = YES;
				GCC_WARN_ABOUT_RETURN_TYPE = YES_ERROR;
				GCC_WARN_UNDECLARED_SELECTOR = YES;
				GCC_WARN_UNINITIALIZED_AUTOS = YES_AGGRESSIVE;
				GCC_WARN_UNUSED_FUNCTION = YES;
				GCC_WARN_UNUSED_VARIABLE = YES;
				IPHONEOS_DEPLOYMENT_TARGET = 14.4;
				MTL_ENABLE_DEBUG_INFO = INCLUDE_SOURCE;
				MTL_FAST_MATH = YES;
				ONLY_ACTIVE_ARCH = YES;
				SDKROOT = iphoneos;
				SWIFT_ACTIVE_COMPILATION_CONDITIONS = DEBUG;
				SWIFT_OPTIMIZATION_LEVEL = "-Onone";
			};
			name = Debug;
		};
		F52B4A4C2632B85A00BEBA31 /* Release */ = {
			isa = XCBuildConfiguration;
			buildSettings = {
				ALWAYS_SEARCH_USER_PATHS = NO;
				CLANG_ANALYZER_NONNULL = YES;
				CLANG_ANALYZER_NUMBER_OBJECT_CONVERSION = YES_AGGRESSIVE;
				CLANG_CXX_LANGUAGE_STANDARD = "gnu++14";
				CLANG_CXX_LIBRARY = "libc++";
				CLANG_ENABLE_MODULES = YES;
				CLANG_ENABLE_OBJC_ARC = YES;
				CLANG_ENABLE_OBJC_WEAK = YES;
				CLANG_WARN_BLOCK_CAPTURE_AUTORELEASING = YES;
				CLANG_WARN_BOOL_CONVERSION = YES;
				CLANG_WARN_COMMA = YES;
				CLANG_WARN_CONSTANT_CONVERSION = YES;
				CLANG_WARN_DEPRECATED_OBJC_IMPLEMENTATIONS = YES;
				CLANG_WARN_DIRECT_OBJC_ISA_USAGE = YES_ERROR;
				CLANG_WARN_DOCUMENTATION_COMMENTS = YES;
				CLANG_WARN_EMPTY_BODY = YES;
				CLANG_WARN_ENUM_CONVERSION = YES;
				CLANG_WARN_INFINITE_RECURSION = YES;
				CLANG_WARN_INT_CONVERSION = YES;
				CLANG_WARN_NON_LITERAL_NULL_CONVERSION = YES;
				CLANG_WARN_OBJC_IMPLICIT_RETAIN_SELF = YES;
				CLANG_WARN_OBJC_LITERAL_CONVERSION = YES;
				CLANG_WARN_OBJC_ROOT_CLASS = YES_ERROR;
				CLANG_WARN_QUOTED_INCLUDE_IN_FRAMEWORK_HEADER = YES;
				CLANG_WARN_RANGE_LOOP_ANALYSIS = YES;
				CLANG_WARN_STRICT_PROTOTYPES = YES;
				CLANG_WARN_SUSPICIOUS_MOVE = YES;
				CLANG_WARN_UNGUARDED_AVAILABILITY = YES_AGGRESSIVE;
				CLANG_WARN_UNREACHABLE_CODE = YES;
				CLANG_WARN__DUPLICATE_METHOD_MATCH = YES;
				COPY_PHASE_STRIP = NO;
				DEBUG_INFORMATION_FORMAT = "dwarf-with-dsym";
				ENABLE_NS_ASSERTIONS = NO;
				ENABLE_STRICT_OBJC_MSGSEND = YES;
				GCC_C_LANGUAGE_STANDARD = gnu11;
				GCC_NO_COMMON_BLOCKS = YES;
				GCC_WARN_64_TO_32_BIT_CONVERSION = YES;
				GCC_WARN_ABOUT_RETURN_TYPE = YES_ERROR;
				GCC_WARN_UNDECLARED_SELECTOR = YES;
				GCC_WARN_UNINITIALIZED_AUTOS = YES_AGGRESSIVE;
				GCC_WARN_UNUSED_FUNCTION = YES;
				GCC_WARN_UNUSED_VARIABLE = YES;
				IPHONEOS_DEPLOYMENT_TARGET = 14.4;
				MTL_ENABLE_DEBUG_INFO = NO;
				MTL_FAST_MATH = YES;
				SDKROOT = iphoneos;
				SWIFT_COMPILATION_MODE = wholemodule;
				SWIFT_OPTIMIZATION_LEVEL = "-O";
				VALIDATE_PRODUCT = YES;
			};
			name = Release;
		};
		F52B4A4E2632B85A00BEBA31 /* Debug */ = {
			isa = XCBuildConfiguration;
			baseConfigurationReference = 780F32B04D223F66943013D7 /* Pods-DataBaseHomeWork.debug.xcconfig */;
			buildSettings = {
				ASSETCATALOG_COMPILER_APPICON_NAME = AppIcon;
				ASSETCATALOG_COMPILER_GLOBAL_ACCENT_COLOR_NAME = AccentColor;
				CODE_SIGN_STYLE = Automatic;
				INFOPLIST_FILE = DataBaseHomeWork/Info.plist;
				LD_RUNPATH_SEARCH_PATHS = (
					"$(inherited)",
					"@executable_path/Frameworks",
				);
				PRODUCT_BUNDLE_IDENTIFIER = VladZaborsky.rus.DataBaseHomeWork;
				PRODUCT_NAME = "$(TARGET_NAME)";
				SWIFT_VERSION = 5.0;
				TARGETED_DEVICE_FAMILY = "1,2";
			};
			name = Debug;
		};
		F52B4A4F2632B85A00BEBA31 /* Release */ = {
			isa = XCBuildConfiguration;
			baseConfigurationReference = CA8F54C6FBACF37EC6A4C845 /* Pods-DataBaseHomeWork.release.xcconfig */;
			buildSettings = {
				ASSETCATALOG_COMPILER_APPICON_NAME = AppIcon;
				ASSETCATALOG_COMPILER_GLOBAL_ACCENT_COLOR_NAME = AccentColor;
				CODE_SIGN_STYLE = Automatic;
				INFOPLIST_FILE = DataBaseHomeWork/Info.plist;
				LD_RUNPATH_SEARCH_PATHS = (
					"$(inherited)",
					"@executable_path/Frameworks",
				);
				PRODUCT_BUNDLE_IDENTIFIER = VladZaborsky.rus.DataBaseHomeWork;
				PRODUCT_NAME = "$(TARGET_NAME)";
				SWIFT_VERSION = 5.0;
				TARGETED_DEVICE_FAMILY = "1,2";
			};
			name = Release;
		};
/* End XCBuildConfiguration section */

/* Begin XCConfigurationList section */
		F52B4A342632B85600BEBA31 /* Build configuration list for PBXProject "DataBaseHomeWork" */ = {
			isa = XCConfigurationList;
			buildConfigurations = (
				F52B4A4B2632B85A00BEBA31 /* Debug */,
				F52B4A4C2632B85A00BEBA31 /* Release */,
			);
			defaultConfigurationIsVisible = 0;
			defaultConfigurationName = Release;
		};
		F52B4A4D2632B85A00BEBA31 /* Build configuration list for PBXNativeTarget "DataBaseHomeWork" */ = {
			isa = XCConfigurationList;
			buildConfigurations = (
				F52B4A4E2632B85A00BEBA31 /* Debug */,
				F52B4A4F2632B85A00BEBA31 /* Release */,
			);
			defaultConfigurationIsVisible = 0;
			defaultConfigurationName = Release;
		};
/* End XCConfigurationList section */

/* Begin XCVersionGroup section */
		F54A34DC2635639C00E8D4F9 /* ModelCoreDataTask.xcdatamodeld */ = {
			isa = XCVersionGroup;
			children = (
				F54A34DD2635639C00E8D4F9 /* ModelCoreDataTask.xcdatamodel */,
			);
			currentVersion = F54A34DD2635639C00E8D4F9 /* ModelCoreDataTask.xcdatamodel */;
			path = ModelCoreDataTask.xcdatamodeld;
			sourceTree = "<group>";
			versionGroupType = wrapper.xcdatamodel;
		};
/* End XCVersionGroup section */
	};
	rootObject = F52B4A312632B85600BEBA31 /* Project object */;
}
